
Microsoft Visual Studio Solution File, Format Version 12.00
# Visual Studio Version 16
VisualStudioVersion = 16.0.30907.101
MinimumVisualStudioVersion = 10.0.40219.1
Project("{FAE04EC0-301F-11D3-BF4B-00C04F79EFBC}") = "MathExtended", "MathExtended.csproj", "{CCDF7FC9-1928-43E4-9DF2-874E5A2538E3}"
EndProject
Project("{FAE04EC0-301F-11D3-BF4B-00C04F79EFBC}") = "MathExtendedTests", "..\MathExtendedTests\MathExtendedTests.csproj", "{75D16A9A-3F47-43EC-9B20-C10862EA9E75}"
EndProject
Global
	GlobalSection(SolutionConfigurationPlatforms) = preSolution
		Debug|Any CPU = Debug|Any CPU
		Release|Any CPU = Release|Any CPU
	EndGlobalSection
	GlobalSection(ProjectConfigurationPlatforms) = postSolution
		{CCDF7FC9-1928-43E4-9DF2-874E5A2538E3}.Debug|Any CPU.ActiveCfg = Debug|Any CPU
		{CCDF7FC9-1928-43E4-9DF2-874E5A2538E3}.Debug|Any CPU.Build.0 = Debug|Any CPU
		{CCDF7FC9-1928-43E4-9DF2-874E5A2538E3}.Release|Any CPU.ActiveCfg = Release|Any CPU
		{CCDF7FC9-1928-43E4-9DF2-874E5A2538E3}.Release|Any CPU.Build.0 = Release|Any CPU
		{75D16A9A-3F47-43EC-9B20-C10862EA9E75}.Debug|Any CPU.ActiveCfg = Debug|Any CPU
		{75D16A9A-3F47-43EC-9B20-C10862EA9E75}.Debug|Any CPU.Build.0 = Debug|Any CPU
		{75D16A9A-3F47-43EC-9B20-C10862EA9E75}.Release|Any CPU.ActiveCfg = Release|Any CPU
		{75D16A9A-3F47-43EC-9B20-C10862EA9E75}.Release|Any CPU.Build.0 = Release|Any CPU
	EndGlobalSection
	GlobalSection(SolutionProperties) = preSolution
		HideSolutionNode = FALSE
	EndGlobalSection
	GlobalSection(ExtensibilityGlobals) = postSolution
		SolutionGuid = {17888E94-F9E5-4199-8415-716F6822AB30}
	EndGlobalSection
EndGlobal
