
Microsoft Visual Studio Solution File, Format Version 12.00
# Visual Studio Version 16
VisualStudioVersion = 16.0.31729.503
MinimumVisualStudioVersion = 10.0.40219.1
Project("{9A19103F-16F7-4668-BE54-9A1E7A4F7556}") = "MathExtendedTests", "MathExtendedTests.csproj", "{E23D26A7-3D8E-4645-A7A5-DA13E83B8DC3}"
EndProject
Global
	GlobalSection(SolutionConfigurationPlatforms) = preSolution
		Debug|Any CPU = Debug|Any CPU
		Release|Any CPU = Release|Any CPU
	EndGlobalSection
	GlobalSection(ProjectConfigurationPlatforms) = postSolution
		{E23D26A7-3D8E-4645-A7A5-DA13E83B8DC3}.Debug|Any CPU.ActiveCfg = Debug|Any CPU
		{E23D26A7-3D8E-4645-A7A5-DA13E83B8DC3}.Debug|Any CPU.Build.0 = Debug|Any CPU
		{E23D26A7-3D8E-4645-A7A5-DA13E83B8DC3}.Release|Any CPU.ActiveCfg = Release|Any CPU
		{E23D26A7-3D8E-4645-A7A5-DA13E83B8DC3}.Release|Any CPU.Build.0 = Release|Any CPU
	EndGlobalSection
	GlobalSection(SolutionProperties) = preSolution
		HideSolutionNode = FALSE
	EndGlobalSection
	GlobalSection(ExtensibilityGlobals) = postSolution
		SolutionGuid = {298817EE-EC52-4DDC-A55F-3542C79106A2}
	EndGlobalSection
EndGlobal
